
Microsoft Visual Studio Solution File, Format Version 12.00
# Visual Studio 15
VisualStudioVersion = 15.0.26124.0
MinimumVisualStudioVersion = 15.0.26124.0
Project("{2150E333-8FDC-42A3-9474-1A3956D46DE8}") = "src", "src", "{704ED9F1-2F25-4F5E-A080-7E13612FFDB6}"
EndProject
Project("{FAE04EC0-301F-11D3-BF4B-00C04F79EFBC}") = "CommandAPI", "src\CommandAPI\CommandAPI.csproj", "{C3316CA9-2A9D-4F0D-99D5-44A6B5D3F6F1}"
EndProject
Project("{2150E333-8FDC-42A3-9474-1A3956D46DE8}") = "test", "test", "{6E655376-3426-4813-9301-0D0323FFE3CD}"
EndProject
Project("{FAE04EC0-301F-11D3-BF4B-00C04F79EFBC}") = "CommandAPI.Tests", "test\CommandAPI.Tests\CommandAPI.Tests.csproj", "{D05CDE8D-40BB-4A0A-A1FC-5DE420B208F2}"
EndProject
Global
	GlobalSection(SolutionConfigurationPlatforms) = preSolution
		Debug|Any CPU = Debug|Any CPU
		Debug|x64 = Debug|x64
		Debug|x86 = Debug|x86
		Release|Any CPU = Release|Any CPU
		Release|x64 = Release|x64
		Release|x86 = Release|x86
	EndGlobalSection
	GlobalSection(SolutionProperties) = preSolution
		HideSolutionNode = FALSE
	EndGlobalSection
	GlobalSection(ProjectConfigurationPlatforms) = postSolution
		{C3316CA9-2A9D-4F0D-99D5-44A6B5D3F6F1}.Debug|Any CPU.ActiveCfg = Debug|Any CPU
		{C3316CA9-2A9D-4F0D-99D5-44A6B5D3F6F1}.Debug|Any CPU.Build.0 = Debug|Any CPU
		{C3316CA9-2A9D-4F0D-99D5-44A6B5D3F6F1}.Debug|x64.ActiveCfg = Debug|Any CPU
		{C3316CA9-2A9D-4F0D-99D5-44A6B5D3F6F1}.Debug|x64.Build.0 = Debug|Any CPU
		{C3316CA9-2A9D-4F0D-99D5-44A6B5D3F6F1}.Debug|x86.ActiveCfg = Debug|Any CPU
		{C3316CA9-2A9D-4F0D-99D5-44A6B5D3F6F1}.Debug|x86.Build.0 = Debug|Any CPU
		{C3316CA9-2A9D-4F0D-99D5-44A6B5D3F6F1}.Release|Any CPU.ActiveCfg = Release|Any CPU
		{C3316CA9-2A9D-4F0D-99D5-44A6B5D3F6F1}.Release|Any CPU.Build.0 = Release|Any CPU
		{C3316CA9-2A9D-4F0D-99D5-44A6B5D3F6F1}.Release|x64.ActiveCfg = Release|Any CPU
		{C3316CA9-2A9D-4F0D-99D5-44A6B5D3F6F1}.Release|x64.Build.0 = Release|Any CPU
		{C3316CA9-2A9D-4F0D-99D5-44A6B5D3F6F1}.Release|x86.ActiveCfg = Release|Any CPU
		{C3316CA9-2A9D-4F0D-99D5-44A6B5D3F6F1}.Release|x86.Build.0 = Release|Any CPU
		{D05CDE8D-40BB-4A0A-A1FC-5DE420B208F2}.Debug|Any CPU.ActiveCfg = Debug|Any CPU
		{D05CDE8D-40BB-4A0A-A1FC-5DE420B208F2}.Debug|Any CPU.Build.0 = Debug|Any CPU
		{D05CDE8D-40BB-4A0A-A1FC-5DE420B208F2}.Debug|x64.ActiveCfg = Debug|Any CPU
		{D05CDE8D-40BB-4A0A-A1FC-5DE420B208F2}.Debug|x64.Build.0 = Debug|Any CPU
		{D05CDE8D-40BB-4A0A-A1FC-5DE420B208F2}.Debug|x86.ActiveCfg = Debug|Any CPU
		{D05CDE8D-40BB-4A0A-A1FC-5DE420B208F2}.Debug|x86.Build.0 = Debug|Any CPU
		{D05CDE8D-40BB-4A0A-A1FC-5DE420B208F2}.Release|Any CPU.ActiveCfg = Release|Any CPU
		{D05CDE8D-40BB-4A0A-A1FC-5DE420B208F2}.Release|Any CPU.Build.0 = Release|Any CPU
		{D05CDE8D-40BB-4A0A-A1FC-5DE420B208F2}.Release|x64.ActiveCfg = Release|Any CPU
		{D05CDE8D-40BB-4A0A-A1FC-5DE420B208F2}.Release|x64.Build.0 = Release|Any CPU
		{D05CDE8D-40BB-4A0A-A1FC-5DE420B208F2}.Release|x86.ActiveCfg = Release|Any CPU
		{D05CDE8D-40BB-4A0A-A1FC-5DE420B208F2}.Release|x86.Build.0 = Release|Any CPU
	EndGlobalSection
	GlobalSection(NestedProjects) = preSolution
		{C3316CA9-2A9D-4F0D-99D5-44A6B5D3F6F1} = {704ED9F1-2F25-4F5E-A080-7E13612FFDB6}
		{D05CDE8D-40BB-4A0A-A1FC-5DE420B208F2} = {6E655376-3426-4813-9301-0D0323FFE3CD}
	EndGlobalSection
EndGlobal
